
Microsoft Visual Studio Solution File, Format Version 12.00
# Visual Studio Version 16
VisualStudioVersion = 16.0.30413.136
MinimumVisualStudioVersion = 10.0.40219.1
Project("{FAE04EC0-301F-11D3-BF4B-00C04F79EFBC}") = "Restaurant", "Restaurant.csproj", "{56DAA882-8BA4-45CA-A18F-2D6E27D33031}"
EndProject
Global
	GlobalSection(SolutionConfigurationPlatforms) = preSolution
		Debug|Any CPU = Debug|Any CPU
		Release|Any CPU = Release|Any CPU
	EndGlobalSection
	GlobalSection(ProjectConfigurationPlatforms) = postSolution
		{56DAA882-8BA4-45CA-A18F-2D6E27D33031}.Debug|Any CPU.ActiveCfg = Debug|Any CPU
		{56DAA882-8BA4-45CA-A18F-2D6E27D33031}.Debug|Any CPU.Build.0 = Debug|Any CPU
		{56DAA882-8BA4-45CA-A18F-2D6E27D33031}.Release|Any CPU.ActiveCfg = Release|Any CPU
		{56DAA882-8BA4-45CA-A18F-2D6E27D33031}.Release|Any CPU.Build.0 = Release|Any CPU
	EndGlobalSection
	GlobalSection(SolutionProperties) = preSolution
		HideSolutionNode = FALSE
	EndGlobalSection
	GlobalSection(ExtensibilityGlobals) = postSolution
		SolutionGuid = {A326730A-5BE6-4D57-BB34-CC6FCD10A76A}
	EndGlobalSection
EndGlobal
